{
  "pins" : [
    {
      "identity" : "dswaveformimage",
      "kind" : "remoteSourceControl",
      "location" : "https://github.com/dmrschmidt/DSWaveformImage",
      "state" : {
        "revision" : "e9a2e5422d1e58e7411e8ecce0b4b091e627d223",
        "version" : "9.1.1"
      }
    },
    {
      "identity" : "id3tageditor",
      "kind" : "remoteSourceControl",
      "location" : "https://github.com/chicio/ID3TagEditor",
      "state" : {
        "revision" : "fb35dde9becd24ddfba8ee80ed516cdcb3befd0b",
        "version" : "4.2.1"
      }
    },
    {
      "identity" : "realm-core",
      "kind" : "remoteSourceControl",
      "location" : "https://github.com/realm/realm-core",
      "state" : {
        "revision" : "5da7744b4056ad185c025bccf0924f17f73f7a91",
        "version" : "12.6.0"
      }
    },
    {
      "identity" : "realm-swift",
      "kind" : "remoteSourceControl",
      "location" : "https://github.com/realm/realm-swift.git",
      "state" : {
        "revision" : "28c488974f544c9affc4eacdd5b9dfc6785ebbc0",
        "version" : "10.29.0"
      }
    },
    {
      "identity" : "swiftaudioplayer",
      "kind" : "remoteSourceControl",
      "location" : "https://github.com/tanhakabir/SwiftAudioPlayer",
      "state" : {
        "revision" : "2fdfc62ce9f5d8b818ee1b2a9ac061fce4f64af9",
        "version" : "7.6.0"
      }
    }
  ],
  "version" : 2
}
